<?xml version="1.0" encoding="utf-8"?>
<Project ToolsVersion="4.0" xmlns="http://schemas.microsoft.com/developer/msbuild/2003">
  <ItemGroup>
    <None Include="packages.config" />
    <None Include="shaders\offscreen.frag">
      <Filter>core\widget\shaders</Filter>
    </None>
    <None Include="shaders\offscreen.vert">
      <Filter>core\widget\shaders</Filter>
    </None>
    <None Include="shaders\onscreen.frag">
      <Filter>core\widget\shaders</Filter>
    </None>
    <None Include="shaders\onscreen.vert">
      <Filter>core\widget\shaders</Filter>
    </None>
    <None Include="..\README.md" />
    <None Include="lua\board.lua">
      <Filter>scripts</Filter>
    </None>
    <None Include="lua\HUD_test.lua">
      <Filter>scripts</Filter>
    </None>
    <None Include="save\save.lua">
      <Filter>scripts\save</Filter>
    </None>
    <None Include="lua\edit.lua">
      <Filter>scripts</Filter>
    </None>
    <None Include="lua\game.lua">
      <Filter>scripts</Filter>
    </None>
    <None Include="lua\boot.lua">
      <Filter>scripts\reserved</Filter>
    </None>
    <None Include="lua\config.lua">
      <Filter>scripts\reserved</Filter>
    </None>
    <None Include="lua\main_menu.lua">
      <Filter>scripts</Filter>
    </None>
  </ItemGroup>
  <ItemGroup>
    <ClCompile Include="thread_pool.c">
      <Filter>core\thread_pool</Filter>
    </ClCompile>
    <ClCompile Include="keyframe.c">
      <Filter>core\widget\components</Filter>
    </ClCompile>
    <ClCompile Include="widget.c">
      <Filter>core\widget</Filter>
    </ClCompile>
    <ClCompile Include="main.c">
      <Filter>core</Filter>
    </ClCompile>
    <ClCompile Include="lua_lib.c">
      <Filter>core</Filter>
    </ClCompile>
    <ClCompile Include="resource_manager.c">
      <Filter>core\resource_manager</Filter>
    </ClCompile>
    <ClCompile Include="material.c">
      <Filter>core\widget\components</Filter>
    </ClCompile>
    <ClCompile Include="scheduler.c">
      <Filter>core\scheduler</Filter>
    </ClCompile>
    <ClCompile Include="particle.c">
      <Filter>core\particle</Filter>
    </ClCompile>
    <ClCompile Include="button.c">
      <Filter>widgets\HUD</Filter>
    </ClCompile>
    <ClCompile Include="counter.c">
      <Filter>widgets\HUD</Filter>
    </ClCompile>
    <ClCompile Include="text_entry.c">
      <Filter>widgets\HUD</Filter>
    </ClCompile>
    <ClCompile Include="slider.c">
      <Filter>widgets\HUD</Filter>
    </ClCompile>
    <ClCompile Include="meeple.c">
      <Filter>widgets\meeple_tile</Filter>
    </ClCompile>
    <ClCompile Include="tile.c">
      <Filter>widgets\meeple_tile</Filter>
    </ClCompile>
    <ClCompile Include="tile_selector.c">
      <Filter>widgets\meeple_tile</Filter>
    </ClCompile>
    <ClCompile Include="meeple_tile_utility.c">
      <Filter>widgets\meeple_tile</Filter>
    </ClCompile>
  </ItemGroup>
  <ItemGroup>
    <ClInclude Include="thread_pool.h">
      <Filter>core\thread_pool</Filter>
    </ClInclude>
    <ClInclude Include="keyframe.h">
      <Filter>core\widget\components</Filter>
    </ClInclude>
    <ClInclude Include="widget.h">
      <Filter>core\widget</Filter>
    </ClInclude>
    <ClInclude Include="resource_manager.h">
      <Filter>core\resource_manager</Filter>
    </ClInclude>
    <ClInclude Include="material.h">
      <Filter>core\widget\components</Filter>
    </ClInclude>
    <ClInclude Include="scheduler.h">
      <Filter>core\scheduler</Filter>
    </ClInclude>
    <ClInclude Include="particle.h">
      <Filter>core\particle</Filter>
    </ClInclude>
    <ClInclude Include="meeple_tile_utility.h">
      <Filter>widgets\meeple_tile</Filter>
    </ClInclude>
  </ItemGroup>
  <ItemGroup>
    <Filter Include="core">
      <UniqueIdentifier>{727be59b-a4be-4ff0-b47d-74065893f8db}</UniqueIdentifier>
    </Filter>
    <Filter Include="core\thread_pool">
      <UniqueIdentifier>{887caa0b-d8b9-4151-bce1-59941dfe04a0}</UniqueIdentifier>
    </Filter>
    <Filter Include="core\widget">
      <UniqueIdentifier>{87da6b87-9396-4618-ab0d-42de6ecb3766}</UniqueIdentifier>
    </Filter>
    <Filter Include="core\resource_manager">
      <UniqueIdentifier>{35c00f64-f044-41df-b993-298af4ea933f}</UniqueIdentifier>
    </Filter>
    <Filter Include="core\widget\components">
      <UniqueIdentifier>{1d27cd65-7081-42cb-9685-92517034aca7}</UniqueIdentifier>
    </Filter>
    <Filter Include="core\widget\shaders">
      <UniqueIdentifier>{d97109b9-3f4b-4d77-bafb-ce0f2572e0cc}</UniqueIdentifier>
    </Filter>
    <Filter Include="widgets">
      <UniqueIdentifier>{c38c656d-d42d-4921-9503-b1b5f0d37a7c}</UniqueIdentifier>
    </Filter>
    <Filter Include="scripts">
      <UniqueIdentifier>{afedeb6d-e9b0-4def-97ce-9c4844565bcf}</UniqueIdentifier>
    </Filter>
    <Filter Include="core\scheduler">
      <UniqueIdentifier>{db8c6fe0-a6f7-4b52-87ca-71102c374505}</UniqueIdentifier>
    </Filter>
    <Filter Include="core\particle">
      <UniqueIdentifier>{bab12b64-689a-4532-975b-a6990dd37155}</UniqueIdentifier>
    </Filter>
    <Filter Include="widgets\HUD">
      <UniqueIdentifier>{7efb0f2e-fde6-45b9-829a-d0e13e395431}</UniqueIdentifier>
    </Filter>
    <Filter Include="scripts\save">
      <UniqueIdentifier>{33ca2a33-263b-4d05-adf9-c56290684ec3}</UniqueIdentifier>
    </Filter>
    <Filter Include="widgets\meeple_tile">
      <UniqueIdentifier>{a5c67bf3-ff8a-49e5-ba6c-5af7ef699323}</UniqueIdentifier>
    </Filter>
    <Filter Include="scripts\reserved">
      <UniqueIdentifier>{23a3836b-461c-4f3f-9712-09c1e0721e34}</UniqueIdentifier>
    </Filter>
  </ItemGroup>
  <ItemGroup>
    <Text Include="..\LICENSE.txt" />
  </ItemGroup>
</Project>